
Microsoft Visual Studio Solution File, Format Version 12.00
# Visual Studio 15
VisualStudioVersion = 15.0.27428.2043
MinimumVisualStudioVersion = 10.0.40219.1
Project("{2150E333-8FDC-42A3-9474-1A3956D46DE8}") = "DAL", "DAL", "{37D77505-F578-45FF-A6A1-7D206AB71E3F}"
EndProject
Project("{2150E333-8FDC-42A3-9474-1A3956D46DE8}") = "BL", "BL", "{D8498D95-1159-4D56-93FB-4C6D5437892D}"
EndProject
Project("{2150E333-8FDC-42A3-9474-1A3956D46DE8}") = "Web", "Web", "{DF471F5E-1E9D-418D-8F37-48A0BDFECC1A}"
EndProject
Project("{FAE04EC0-301F-11D3-BF4B-00C04F79EFBC}") = "Demo.DAL", "Demo.DAL\Demo.DAL.csproj", "{807D7203-9409-413C-853E-DFAAE94D53D9}"
EndProject
Project("{FAE04EC0-301F-11D3-BF4B-00C04F79EFBC}") = "Demo.WebApi", "Demo.WebApi\Demo.WebApi.csproj", "{078A5582-ED85-4A95-AFA3-91024ABF8056}"
EndProject
Project("{FAE04EC0-301F-11D3-BF4B-00C04F79EFBC}") = "Demo.BL", "Demo.BL\Demo.BL.csproj", "{24C484DC-E254-49CD-BC19-38E305FE55BE}"
EndProject
Project("{2150E333-8FDC-42A3-9474-1A3956D46DE8}") = "Form", "Form", "{24D97336-1084-45AD-B3A2-D18EBAF7F441}"
EndProject
Project("{FAE04EC0-301F-11D3-BF4B-00C04F79EFBC}") = "Demo.WinForm", "Demo.WinForm\Demo.WinForm.csproj", "{040AB0A8-7980-41A0-A2B7-2C88F0CB13F3}"
EndProject
Project("{2150E333-8FDC-42A3-9474-1A3956D46DE8}") = "DB", "DB", "{A5B20D99-6487-4C6B-94C3-A73E203E3EC2}"
EndProject
Project("{FAE04EC0-301F-11D3-BF4B-00C04F79EFBC}") = "Demo.Db", "Demo.Db\Demo.Db.csproj", "{5B510785-7C56-4454-AC13-582A4264717D}"
EndProject
Global
	GlobalSection(SolutionConfigurationPlatforms) = preSolution
		Debug|Any CPU = Debug|Any CPU
		Release|Any CPU = Release|Any CPU
	EndGlobalSection
	GlobalSection(ProjectConfigurationPlatforms) = postSolution
		{807D7203-9409-413C-853E-DFAAE94D53D9}.Debug|Any CPU.ActiveCfg = Debug|Any CPU
		{807D7203-9409-413C-853E-DFAAE94D53D9}.Debug|Any CPU.Build.0 = Debug|Any CPU
		{807D7203-9409-413C-853E-DFAAE94D53D9}.Release|Any CPU.ActiveCfg = Release|Any CPU
		{807D7203-9409-413C-853E-DFAAE94D53D9}.Release|Any CPU.Build.0 = Release|Any CPU
		{078A5582-ED85-4A95-AFA3-91024ABF8056}.Debug|Any CPU.ActiveCfg = Debug|Any CPU
		{078A5582-ED85-4A95-AFA3-91024ABF8056}.Debug|Any CPU.Build.0 = Debug|Any CPU
		{078A5582-ED85-4A95-AFA3-91024ABF8056}.Release|Any CPU.ActiveCfg = Release|Any CPU
		{078A5582-ED85-4A95-AFA3-91024ABF8056}.Release|Any CPU.Build.0 = Release|Any CPU
		{24C484DC-E254-49CD-BC19-38E305FE55BE}.Debug|Any CPU.ActiveCfg = Debug|Any CPU
		{24C484DC-E254-49CD-BC19-38E305FE55BE}.Debug|Any CPU.Build.0 = Debug|Any CPU
		{24C484DC-E254-49CD-BC19-38E305FE55BE}.Release|Any CPU.ActiveCfg = Release|Any CPU
		{24C484DC-E254-49CD-BC19-38E305FE55BE}.Release|Any CPU.Build.0 = Release|Any CPU
		{040AB0A8-7980-41A0-A2B7-2C88F0CB13F3}.Debug|Any CPU.ActiveCfg = Debug|Any CPU
		{040AB0A8-7980-41A0-A2B7-2C88F0CB13F3}.Debug|Any CPU.Build.0 = Debug|Any CPU
		{040AB0A8-7980-41A0-A2B7-2C88F0CB13F3}.Release|Any CPU.ActiveCfg = Release|Any CPU
		{040AB0A8-7980-41A0-A2B7-2C88F0CB13F3}.Release|Any CPU.Build.0 = Release|Any CPU
		{5B510785-7C56-4454-AC13-582A4264717D}.Debug|Any CPU.ActiveCfg = Debug|Any CPU
		{5B510785-7C56-4454-AC13-582A4264717D}.Debug|Any CPU.Build.0 = Debug|Any CPU
		{5B510785-7C56-4454-AC13-582A4264717D}.Release|Any CPU.ActiveCfg = Release|Any CPU
		{5B510785-7C56-4454-AC13-582A4264717D}.Release|Any CPU.Build.0 = Release|Any CPU
	EndGlobalSection
	GlobalSection(SolutionProperties) = preSolution
		HideSolutionNode = FALSE
	EndGlobalSection
	GlobalSection(NestedProjects) = preSolution
		{807D7203-9409-413C-853E-DFAAE94D53D9} = {37D77505-F578-45FF-A6A1-7D206AB71E3F}
		{078A5582-ED85-4A95-AFA3-91024ABF8056} = {DF471F5E-1E9D-418D-8F37-48A0BDFECC1A}
		{24C484DC-E254-49CD-BC19-38E305FE55BE} = {D8498D95-1159-4D56-93FB-4C6D5437892D}
		{040AB0A8-7980-41A0-A2B7-2C88F0CB13F3} = {24D97336-1084-45AD-B3A2-D18EBAF7F441}
		{5B510785-7C56-4454-AC13-582A4264717D} = {A5B20D99-6487-4C6B-94C3-A73E203E3EC2}
	EndGlobalSection
	GlobalSection(ExtensibilityGlobals) = postSolution
		SolutionGuid = {7F881B9F-7F7A-4BF6-84EA-8366379212CC}
	EndGlobalSection
EndGlobal
